{
  "../../code1/aa-easy/lib/account-abstraction": {
    "rev": "4cbc06072cdc19fd60f285c5997f4f7f57a588de"
  },
  "../../code1/aa-easy/lib/openzeppelin-contracts": {
    "rev": "cab19933c33c2ad1d4c7a84864a3601dddfd16f3"
  },
  "../../code2/aa-medium/lib/account-abstraction": {
    "rev": "4cbc06072cdc19fd60f285c5997f4f7f57a588de"
  },
  "../../code2/aa-medium/lib/openzeppelin-contracts": {
    "rev": "cab19933c33c2ad1d4c7a84864a3601dddfd16f3"
  },
  "lib/account-abstraction": {
    "tag": {
      "name": "v0.8.0",
      "rev": "4cbc06072cdc19fd60f285c5997f4f7f57a588de"
    }
  },
  "lib/openzeppelin-contracts": {
    "tag": {
      "name": "v5.7.0",
      "rev": "cab19933c33c2ad1d4c7a84864a3601dddfd16f3"
    }
  }
}