{
  "../../code1/oracle-easy/lib/chainlink-brownie-contracts": {
    "rev": "5cb41fbc9b525338b6098da5ea7dd0b7e92f89e4"
  },
  "../../code2/pyth-consumer/lib/pyth-sdk-solidity": {
    "rev": "11d6bcfc2e56885535a9a8e3c8417847cb20be14"
  },
  "lib/chainlink-brownie-contracts": {
    "tag": {
      "name": "1.3.0",
      "rev": "5cb41fbc9b525338b6098da5ea7dd0b7e92f89e4"
    }
  }
}