{
  "../../code1/upgrade-easy/lib/openzeppelin-contracts-upgradeable": {
    "rev": "14f52c54d3a1eefbda3d4071efba24d3c1e07e8a"
  },
  "../../code1/upgrade-easy/lib/openzeppelin-foundry-upgrades": {
    "rev": "8ddceb0c0d94f7f9420fee1ee30fffbdacadf08f"
  },
  "lib/openzeppelin-contracts": {
    "tag": {
      "name": "v5.7.0",
      "rev": "cab19933c33c2ad1d4c7a84864a3601dddfd16f3"
    }
  },
  "lib/openzeppelin-contracts-upgradeable": {
    "tag": {
      "name": "v5.7.0",
      "rev": "14f52c54d3a1eefbda3d4071efba24d3c1e07e8a"
    }
  },
  "lib/openzeppelin-foundry-upgrades": {
    "tag": {
      "name": "v0.4.2",
      "rev": "8ddceb0c0d94f7f9420fee1ee30fffbdacadf08f"
    }
  }
}